
Microsoft Visual Studio Solution File, Format Version 12.00
# Visual Studio 15
VisualStudioVersion = 15.0.27703.2026
MinimumVisualStudioVersion = 10.0.40219.1
Project("{151D2E53-A2C4-4D7D-83FE-D05416EBD58E}") = "WebAppwithSLots", "WebAppwithSLots\WebAppwithSLots.deployproj", "{7005B3FB-2AB7-42F5-AA7C-C0362C25078B}"
EndProject
Global
	GlobalSection(SolutionConfigurationPlatforms) = preSolution
		Debug|Any CPU = Debug|Any CPU
		Release|Any CPU = Release|Any CPU
	EndGlobalSection
	GlobalSection(ProjectConfigurationPlatforms) = postSolution
		{7005B3FB-2AB7-42F5-AA7C-C0362C25078B}.Debug|Any CPU.ActiveCfg = Debug|Any CPU
		{7005B3FB-2AB7-42F5-AA7C-C0362C25078B}.Debug|Any CPU.Build.0 = Debug|Any CPU
		{7005B3FB-2AB7-42F5-AA7C-C0362C25078B}.Release|Any CPU.ActiveCfg = Release|Any CPU
		{7005B3FB-2AB7-42F5-AA7C-C0362C25078B}.Release|Any CPU.Build.0 = Release|Any CPU
	EndGlobalSection
	GlobalSection(SolutionProperties) = preSolution
		HideSolutionNode = FALSE
	EndGlobalSection
	GlobalSection(ExtensibilityGlobals) = postSolution
		SolutionGuid = {3F9ED853-E592-45D6-BC97-9A12D46B33A8}
	EndGlobalSection
EndGlobal
